
Microsoft Visual Studio Solution File, Format Version 11.00
# Visual Studio 2010
Project("{FAE04EC0-301F-11D3-BF4B-00C04F79EFBC}") = "Web", "Web\Web.csproj", "{DF655B10-12BC-4A24-9E78-43FCBECDD07A}"
	ProjectSection(ProjectDependencies) = postProject
		{19FCC25E-B4D9-486A-8062-581EE5F85B49} = {19FCC25E-B4D9-486A-8062-581EE5F85B49}
	EndProjectSection
EndProject
Project("{FAE04EC0-301F-11D3-BF4B-00C04F79EFBC}") = "Web.Models", "Web.Models\Web.Models.csproj", "{19FCC25E-B4D9-486A-8062-581EE5F85B49}"
EndProject
Global
	GlobalSection(SolutionConfigurationPlatforms) = preSolution
		Debug|Any CPU = Debug|Any CPU
		Release|Any CPU = Release|Any CPU
	EndGlobalSection
	GlobalSection(ProjectConfigurationPlatforms) = postSolution
		{DF655B10-12BC-4A24-9E78-43FCBECDD07A}.Debug|Any CPU.ActiveCfg = Debug|Any CPU
		{DF655B10-12BC-4A24-9E78-43FCBECDD07A}.Debug|Any CPU.Build.0 = Debug|Any CPU
		{DF655B10-12BC-4A24-9E78-43FCBECDD07A}.Release|Any CPU.ActiveCfg = Release|Any CPU
		{DF655B10-12BC-4A24-9E78-43FCBECDD07A}.Release|Any CPU.Build.0 = Release|Any CPU
		{19FCC25E-B4D9-486A-8062-581EE5F85B49}.Debug|Any CPU.ActiveCfg = Debug|Any CPU
		{19FCC25E-B4D9-486A-8062-581EE5F85B49}.Debug|Any CPU.Build.0 = Debug|Any CPU
		{19FCC25E-B4D9-486A-8062-581EE5F85B49}.Release|Any CPU.ActiveCfg = Release|Any CPU
		{19FCC25E-B4D9-486A-8062-581EE5F85B49}.Release|Any CPU.Build.0 = Release|Any CPU
	EndGlobalSection
	GlobalSection(SolutionProperties) = preSolution
		HideSolutionNode = FALSE
	EndGlobalSection
EndGlobal
